
Microsoft Visual Studio Solution File, Format Version 12.00
# Visual Studio Version 16
VisualStudioVersion = 16.0.31624.102
MinimumVisualStudioVersion = 10.0.40219.1
Project("{8BC9CEB8-8B4A-11D0-8D11-00A0C91BC942}") = "seminar 9", "seminar 9\seminar 9.vcxproj", "{B21027CA-30D3-449F-BFC7-D7DCBBFB802F}"
EndProject
Project("{8BC9CEB8-8B4A-11D0-8D11-00A0C91BC942}") = "server", "server\server\server.vcxproj", "{719B52C3-BB1E-4A51-8363-3499B1D43292}"
EndProject
Project("{8BC9CEB8-8B4A-11D0-8D11-00A0C91BC942}") = "Dll1", "Dll1\Dll1.vcxproj", "{402550EB-A584-47A7-961B-50F79B224F9D}"
EndProject
Global
	GlobalSection(SolutionConfigurationPlatforms) = preSolution
		Debug|x64 = Debug|x64
		Debug|x86 = Debug|x86
		Release|x64 = Release|x64
		Release|x86 = Release|x86
	EndGlobalSection
	GlobalSection(ProjectConfigurationPlatforms) = postSolution
		{B21027CA-30D3-449F-BFC7-D7DCBBFB802F}.Debug|x64.ActiveCfg = Debug|x64
		{B21027CA-30D3-449F-BFC7-D7DCBBFB802F}.Debug|x64.Build.0 = Debug|x64
		{B21027CA-30D3-449F-BFC7-D7DCBBFB802F}.Debug|x86.ActiveCfg = Debug|Win32
		{B21027CA-30D3-449F-BFC7-D7DCBBFB802F}.Debug|x86.Build.0 = Debug|Win32
		{B21027CA-30D3-449F-BFC7-D7DCBBFB802F}.Release|x64.ActiveCfg = Release|x64
		{B21027CA-30D3-449F-BFC7-D7DCBBFB802F}.Release|x64.Build.0 = Release|x64
		{B21027CA-30D3-449F-BFC7-D7DCBBFB802F}.Release|x86.ActiveCfg = Release|Win32
		{B21027CA-30D3-449F-BFC7-D7DCBBFB802F}.Release|x86.Build.0 = Release|Win32
		{719B52C3-BB1E-4A51-8363-3499B1D43292}.Debug|x64.ActiveCfg = Debug|x64
		{719B52C3-BB1E-4A51-8363-3499B1D43292}.Debug|x64.Build.0 = Debug|x64
		{719B52C3-BB1E-4A51-8363-3499B1D43292}.Debug|x86.ActiveCfg = Debug|Win32
		{719B52C3-BB1E-4A51-8363-3499B1D43292}.Debug|x86.Build.0 = Debug|Win32
		{719B52C3-BB1E-4A51-8363-3499B1D43292}.Release|x64.ActiveCfg = Release|x64
		{719B52C3-BB1E-4A51-8363-3499B1D43292}.Release|x64.Build.0 = Release|x64
		{719B52C3-BB1E-4A51-8363-3499B1D43292}.Release|x86.ActiveCfg = Release|Win32
		{719B52C3-BB1E-4A51-8363-3499B1D43292}.Release|x86.Build.0 = Release|Win32
		{402550EB-A584-47A7-961B-50F79B224F9D}.Debug|x64.ActiveCfg = Debug|x64
		{402550EB-A584-47A7-961B-50F79B224F9D}.Debug|x64.Build.0 = Debug|x64
		{402550EB-A584-47A7-961B-50F79B224F9D}.Debug|x86.ActiveCfg = Debug|Win32
		{402550EB-A584-47A7-961B-50F79B224F9D}.Debug|x86.Build.0 = Debug|Win32
		{402550EB-A584-47A7-961B-50F79B224F9D}.Release|x64.ActiveCfg = Release|x64
		{402550EB-A584-47A7-961B-50F79B224F9D}.Release|x64.Build.0 = Release|x64
		{402550EB-A584-47A7-961B-50F79B224F9D}.Release|x86.ActiveCfg = Release|Win32
		{402550EB-A584-47A7-961B-50F79B224F9D}.Release|x86.Build.0 = Release|Win32
	EndGlobalSection
	GlobalSection(SolutionProperties) = preSolution
		HideSolutionNode = FALSE
	EndGlobalSection
	GlobalSection(ExtensibilityGlobals) = postSolution
		SolutionGuid = {3F9005D7-B604-4AB9-BCF9-2B5EDB5F2904}
	EndGlobalSection
EndGlobal
